// !$*UTF8*$!
{
	archiveVersion = 1;
	classes = {
	};
	objectVersion = 46;
	objects = {

/* Begin PBXBuildFile section */
		100A13B4374606ED3EC90A49 /* test1.cpp in Sources */ = {isa = PBXBuildFile; fileRef = 7948130F706F30F05EAF44CB /* test1.cpp */; };
		506675F402A3569C499E3B1C /* libMicroDB.dylib in Frameworks */ = {isa = PBXBuildFile; fileRef = 4CDC38AC2EF23873339A791C /* libMicroDB.dylib */; };
/* End PBXBuildFile section */

/* Begin PBXContainerItemProxy section */
		08ED0AB46346420C3DA5441B /* PBXContainerItemProxy */ = {
			isa = PBXContainerItemProxy;
			containerPortal = 4E9C7C6010EF4746732313F9 /* MicroDB.xcodeproj */;
			proxyType = 1;
			remoteGlobalIDString = 452E773219A0702D31676F63;
			remoteInfo = libMicroDB.dylib;
		};
		55DA6ECF648F72BE3E6C5FB3 /* PBXContainerItemProxy */ = {
			isa = PBXContainerItemProxy;
			containerPortal = 4E9C7C6010EF4746732313F9 /* MicroDB.xcodeproj */;
			proxyType = 2;
			remoteGlobalIDString = 35EF16CD18BB1F897A354E78;
			remoteInfo = libMicroDB.dylib;
		};
/* End PBXContainerItemProxy section */

/* Begin PBXFileReference section */
		4E9C7C6010EF4746732313F9 /* MicroDB.xcodeproj */ = {isa = PBXFileReference; lastKnownFileType = "wrapper.pb-project"; path = MicroDB.xcodeproj; sourceTree = SOURCE_ROOT; };
		6147111049863DB948B928E5 /* MicroDBTest */ = {isa = PBXFileReference; explicitFileType = "compiled.mach-o.executable"; includeInIndex = 0; path = MicroDBTest; sourceTree = BUILT_PRODUCTS_DIR; };
		7948130F706F30F05EAF44CB /* test1.cpp */ = {isa = PBXFileReference; lastKnownFileType = sourcecode.cpp.cpp; path = test1.cpp; sourceTree = "<group>"; };
/* End PBXFileReference section */

/* Begin PBXFrameworksBuildPhase section */
		72DE52E35AD236C27AB7403D /* Frameworks */ = {
			isa = PBXFrameworksBuildPhase;
			buildActionMask = 2147483647;
			files = (
				506675F402A3569C499E3B1C /* libMicroDB.dylib in Frameworks */,
			);
			runOnlyForDeploymentPostprocessing = 0;
		};
/* End PBXFrameworksBuildPhase section */

/* Begin PBXGroup section */
		1817305335B057527AC74B38 /* Projects */ = {
			isa = PBXGroup;
			children = (
				4E9C7C6010EF4746732313F9 /* MicroDB.xcodeproj */,
			);
			name = Projects;
			sourceTree = "<group>";
		};
		2D53567865993C450D723940 /* Products */ = {
			isa = PBXGroup;
			children = (
				4CDC38AC2EF23873339A791C /* libMicroDB.dylib */,
			);
			name = Products;
			sourceTree = "<group>";
		};
		5AE309AE2C82367637431917 /* MicroDBTest */ = {
			isa = PBXGroup;
			children = (
				6BAB27A15A4051FC7D4E2E8A /* test */,
				60077CE9423728F649F12234 /* Products */,
				1817305335B057527AC74B38 /* Projects */,
			);
			name = MicroDBTest;
			sourceTree = "<group>";
		};
		60077CE9423728F649F12234 /* Products */ = {
			isa = PBXGroup;
			children = (
				6147111049863DB948B928E5 /* MicroDBTest */,
			);
			name = Products;
			sourceTree = "<group>";
		};
		6BAB27A15A4051FC7D4E2E8A /* test */ = {
			isa = PBXGroup;
			children = (
				7948130F706F30F05EAF44CB /* test1.cpp */,
			);
			path = test;
			sourceTree = "<group>";
		};
/* End PBXGroup section */

/* Begin PBXNativeTarget section */
		5D4B201D6A625DEB77FB3973 /* MicroDBTest */ = {
			isa = PBXNativeTarget;
			buildConfigurationList = 63821D5752611265436D4E25 /* Build configuration list for PBXNativeTarget "MicroDBTest" */;
			buildPhases = (
				135C37ED50DB193F2BFB1FEC /* Resources */,
				42BF2B4F54FC0A4C0A8124CA /* Sources */,
				72DE52E35AD236C27AB7403D /* Frameworks */,
			);
			buildRules = (
			);
			dependencies = (
				71D024F776320360161F5337 /* PBXTargetDependency */,
			);
			name = MicroDBTest;
			productInstallPath = "$(HOME)/bin";
			productName = MicroDBTest;
			productReference = 6147111049863DB948B928E5 /* MicroDBTest */;
			productType = "com.apple.product-type.tool";
		};
/* End PBXNativeTarget section */

/* Begin PBXProject section */
		08FB7793FE84155DC02AAC07 /* Project object */ = {
			isa = PBXProject;
			attributes = {
			};
			buildConfigurationList = 1DEB928908733DD80010E9CD /* Build configuration list for PBXProject "MicroDBTest" */;
			compatibilityVersion = "Xcode 3.2";
			developmentRegion = English;
			hasScannedForEncodings = 1;
			knownRegions = (
				en,
			);
			mainGroup = 5AE309AE2C82367637431917 /* MicroDBTest */;
			projectDirPath = "";
			projectReferences = (
				{
					ProductGroup = 2D53567865993C450D723940 /* Products */;
					ProjectRef = 4E9C7C6010EF4746732313F9 /* MicroDB.xcodeproj */;
				},
			);
			projectRoot = "";
			targets = (
				5D4B201D6A625DEB77FB3973 /* MicroDBTest */,
			);
		};
/* End PBXProject section */

/* Begin PBXReferenceProxy section */
		4CDC38AC2EF23873339A791C /* libMicroDB.dylib */ = {
			isa = PBXReferenceProxy;
			fileType = "compiled.mach-o.dylib";
			path = libMicroDB.dylib;
			remoteRef = 55DA6ECF648F72BE3E6C5FB3 /* PBXContainerItemProxy */;
			sourceTree = BUILT_PRODUCTS_DIR;
		};
/* End PBXReferenceProxy section */

/* Begin PBXResourcesBuildPhase section */
		135C37ED50DB193F2BFB1FEC /* Resources */ = {
			isa = PBXResourcesBuildPhase;
			buildActionMask = 2147483647;
			files = (
			);
			runOnlyForDeploymentPostprocessing = 0;
		};
/* End PBXResourcesBuildPhase section */

/* Begin PBXSourcesBuildPhase section */
		42BF2B4F54FC0A4C0A8124CA /* Sources */ = {
			isa = PBXSourcesBuildPhase;
			buildActionMask = 2147483647;
			files = (
				100A13B4374606ED3EC90A49 /* test1.cpp in Sources */,
			);
			runOnlyForDeploymentPostprocessing = 0;
		};
/* End PBXSourcesBuildPhase section */

/* Begin PBXTargetDependency section */
		71D024F776320360161F5337 /* PBXTargetDependency */ = {
			isa = PBXTargetDependency;
			name = libMicroDB.dylib;
			targetProxy = 08ED0AB46346420C3DA5441B /* PBXContainerItemProxy */;
		};
/* End PBXTargetDependency section */

/* Begin XCBuildConfiguration section */
		2FF52281706866EC22594238 /* Release */ = {
			isa = XCBuildConfiguration;
			buildSettings = {
				ALWAYS_SEARCH_USER_PATHS = NO;
				DEBUG_INFORMATION_FORMAT = "dwarf-with-dsym";
				GCC_DYNAMIC_NO_PIC = NO;
				GCC_MODEL_TUNING = G5;
				HEADER_SEARCH_PATHS = (
					src/include,
					src,
				);
				INSTALL_PATH = /usr/local/bin;
				PRODUCT_NAME = MicroDBTest;
			};
			name = Release;
		};
		6BCC452C047542834F767251 /* Debug */ = {
			isa = XCBuildConfiguration;
			buildSettings = {
				ARCHS = "$(NATIVE_ARCH_ACTUAL)";
				CONFIGURATION_TEMP_DIR = "$(OBJROOT)";
				GCC_C_LANGUAGE_STANDARD = gnu99;
				GCC_OPTIMIZATION_LEVEL = 0;
				GCC_SYMBOLS_PRIVATE_EXTERN = NO;
				GCC_WARN_ABOUT_RETURN_TYPE = YES;
				GCC_WARN_UNUSED_VARIABLE = YES;
				HEADER_SEARCH_PATHS = src/include;
				OBJROOT = obj/Debug/MicroDBTest;
				ONLY_ACTIVE_ARCH = NO;
			};
			name = Debug;
		};
		745B2FF651470EA640AF5CE4 /* Release */ = {
			isa = XCBuildConfiguration;
			buildSettings = {
				ARCHS = "$(NATIVE_ARCH_ACTUAL)";
				CONFIGURATION_TEMP_DIR = "$(OBJROOT)";
				GCC_C_LANGUAGE_STANDARD = gnu99;
				GCC_OPTIMIZATION_LEVEL = 0;
				GCC_SYMBOLS_PRIVATE_EXTERN = NO;
				GCC_WARN_ABOUT_RETURN_TYPE = YES;
				GCC_WARN_UNUSED_VARIABLE = YES;
				HEADER_SEARCH_PATHS = src/include;
				OBJROOT = obj/Release/MicroDBTest;
				ONLY_ACTIVE_ARCH = NO;
			};
			name = Release;
		};
		78E9122C2F8371B5527E0CDC /* Debug */ = {
			isa = XCBuildConfiguration;
			buildSettings = {
				ALWAYS_SEARCH_USER_PATHS = NO;
				DEBUG_INFORMATION_FORMAT = "dwarf-with-dsym";
				GCC_DYNAMIC_NO_PIC = NO;
				GCC_MODEL_TUNING = G5;
				HEADER_SEARCH_PATHS = (
					src/include,
					src,
				);
				INSTALL_PATH = /usr/local/bin;
				PRODUCT_NAME = MicroDBTest;
			};
			name = Debug;
		};
/* End XCBuildConfiguration section */

/* Begin XCConfigurationList section */
		1DEB928908733DD80010E9CD /* Build configuration list for PBXProject "MicroDBTest" */ = {
			isa = XCConfigurationList;
			buildConfigurations = (
				6BCC452C047542834F767251 /* Debug */,
				745B2FF651470EA640AF5CE4 /* Release */,
			);
			defaultConfigurationIsVisible = 0;
			defaultConfigurationName = Debug;
		};
		63821D5752611265436D4E25 /* Build configuration list for PBXNativeTarget "MicroDBTest" */ = {
			isa = XCConfigurationList;
			buildConfigurations = (
				78E9122C2F8371B5527E0CDC /* Debug */,
				2FF52281706866EC22594238 /* Release */,
			);
			defaultConfigurationIsVisible = 0;
			defaultConfigurationName = Debug;
		};
/* End XCConfigurationList section */
	};
	rootObject = 08FB7793FE84155DC02AAC07 /* Project object */;
}
