// !$*UTF8*$!
{
	archiveVersion = 1;
	classes = {
	};
	objectVersion = 46;
	objects = {

/* Begin PBXBuildFile section */
		39C27C2C58DD27327B2143B4 /* test.cpp in Sources */ = {isa = PBXBuildFile; fileRef = 2D5F71464E4E1C7419E87436 /* test.cpp */; };
		DAE2FF2F1B33D6CA009DFDAA /* viewquery.y in Resources */ = {isa = PBXBuildFile; fileRef = 7D8129E51C066F66471E0E39 /* viewquery.y */; };
		DAE2FF301B33D73C009DFDAA /* viewquery.y in Sources */ = {isa = PBXBuildFile; fileRef = 7D8129E51C066F66471E0E39 /* viewquery.y */; };
/* End PBXBuildFile section */

/* Begin PBXFileReference section */
		21AE3E1440D720FD7D83542C /* microdb.h */ = {isa = PBXFileReference; lastKnownFileType = sourcecode.c.h; path = microdb.h; sourceTree = "<group>"; };
		2D5F71464E4E1C7419E87436 /* test.cpp */ = {isa = PBXFileReference; lastKnownFileType = sourcecode.cpp.cpp; path = test.cpp; sourceTree = "<group>"; };
		33EF3FA31FEB293902602CFF /* libMicroDBLib.dylib */ = {isa = PBXFileReference; explicitFileType = "compiled.mach-o.dylib"; includeInIndex = 0; path = libMicroDBLib.dylib; sourceTree = BUILT_PRODUCTS_DIR; };
		7D8129E51C066F66471E0E39 /* viewquery.y */ = {isa = PBXFileReference; lastKnownFileType = text; path = viewquery.y; sourceTree = "<group>"; };
/* End PBXFileReference section */

/* Begin PBXFrameworksBuildPhase section */
		47553C3C38E94B4C298E66B6 /* Frameworks */ = {
			isa = PBXFrameworksBuildPhase;
			buildActionMask = 2147483647;
			files = (
			);
			runOnlyForDeploymentPostprocessing = 0;
		};
/* End PBXFrameworksBuildPhase section */

/* Begin PBXGroup section */
		017D615B1FEE731F235266E2 /* include */ = {
			isa = PBXGroup;
			children = (
				3306571073075B594D985619 /* microdb */,
			);
			path = include;
			sourceTree = "<group>";
		};
		3306571073075B594D985619 /* microdb */ = {
			isa = PBXGroup;
			children = (
				21AE3E1440D720FD7D83542C /* microdb.h */,
			);
			path = microdb;
			sourceTree = "<group>";
		};
		4EAE3FE835E2482122774532 /* Products */ = {
			isa = PBXGroup;
			children = (
				33EF3FA31FEB293902602CFF /* libMicroDBLib.dylib */,
			);
			name = Products;
			sourceTree = "<group>";
		};
		64EB035C390A6B5B57633F66 /* src */ = {
			isa = PBXGroup;
			children = (
				017D615B1FEE731F235266E2 /* include */,
				2D5F71464E4E1C7419E87436 /* test.cpp */,
				7D8129E51C066F66471E0E39 /* viewquery.y */,
			);
			path = src;
			sourceTree = "<group>";
		};
		6F785F1F2C490A6A3813113B /* MicroDBLib */ = {
			isa = PBXGroup;
			children = (
				64EB035C390A6B5B57633F66 /* src */,
				4EAE3FE835E2482122774532 /* Products */,
			);
			name = MicroDBLib;
			sourceTree = "<group>";
		};
/* End PBXGroup section */

/* Begin PBXNativeTarget section */
		4BD31E83529825B744224C40 /* MicroDBLib */ = {
			isa = PBXNativeTarget;
			buildConfigurationList = 150118DC4B0217CB36DB207B /* Build configuration list for PBXNativeTarget "MicroDBLib" */;
			buildPhases = (
				073804970D7D290F1D56211B /* Resources */,
				29BC296538FA3B205AEE58FC /* Sources */,
				47553C3C38E94B4C298E66B6 /* Frameworks */,
			);
			buildRules = (
			);
			dependencies = (
			);
			name = MicroDBLib;
			productName = MicroDBLib;
			productReference = 33EF3FA31FEB293902602CFF /* libMicroDBLib.dylib */;
			productType = "com.apple.product-type.library.dynamic";
		};
/* End PBXNativeTarget section */

/* Begin PBXProject section */
		08FB7793FE84155DC02AAC07 /* Project object */ = {
			isa = PBXProject;
			attributes = {
			};
			buildConfigurationList = 1DEB928908733DD80010E9CD /* Build configuration list for PBXProject "MicroDBLib" */;
			compatibilityVersion = "Xcode 3.2";
			developmentRegion = English;
			hasScannedForEncodings = 1;
			knownRegions = (
				en,
			);
			mainGroup = 6F785F1F2C490A6A3813113B /* MicroDBLib */;
			projectDirPath = "";
			projectRoot = "";
			targets = (
				4BD31E83529825B744224C40 /* MicroDBLib */,
			);
		};
/* End PBXProject section */

/* Begin PBXResourcesBuildPhase section */
		073804970D7D290F1D56211B /* Resources */ = {
			isa = PBXResourcesBuildPhase;
			buildActionMask = 2147483647;
			files = (
				DAE2FF2F1B33D6CA009DFDAA /* viewquery.y in Resources */,
			);
			runOnlyForDeploymentPostprocessing = 0;
		};
/* End PBXResourcesBuildPhase section */

/* Begin PBXSourcesBuildPhase section */
		29BC296538FA3B205AEE58FC /* Sources */ = {
			isa = PBXSourcesBuildPhase;
			buildActionMask = 2147483647;
			files = (
				39C27C2C58DD27327B2143B4 /* test.cpp in Sources */,
				DAE2FF301B33D73C009DFDAA /* viewquery.y in Sources */,
			);
			runOnlyForDeploymentPostprocessing = 0;
		};
/* End PBXSourcesBuildPhase section */

/* Begin XCBuildConfiguration section */
		38B65D77359A3E372B8D463B /* Release */ = {
			isa = XCBuildConfiguration;
			buildSettings = {
				ARCHS = "$(NATIVE_ARCH_ACTUAL)";
				CONFIGURATION_TEMP_DIR = "$(OBJROOT)";
				GCC_C_LANGUAGE_STANDARD = gnu99;
				GCC_OPTIMIZATION_LEVEL = s;
				GCC_SYMBOLS_PRIVATE_EXTERN = NO;
				GCC_WARN_ABOUT_RETURN_TYPE = YES;
				GCC_WARN_UNUSED_VARIABLE = YES;
				OBJROOT = obj/Release/MicroDBLib;
				ONLY_ACTIVE_ARCH = NO;
			};
			name = Release;
		};
		3FDC3351485D732D33430941 /* Debug */ = {
			isa = XCBuildConfiguration;
			buildSettings = {
				ARCHS = "$(NATIVE_ARCH_ACTUAL)";
				CONFIGURATION_TEMP_DIR = "$(OBJROOT)";
				COPY_PHASE_STRIP = NO;
				GCC_C_LANGUAGE_STANDARD = gnu99;
				GCC_OPTIMIZATION_LEVEL = 0;
				GCC_PREPROCESSOR_DEFINITIONS = DEBUG;
				GCC_SYMBOLS_PRIVATE_EXTERN = NO;
				GCC_WARN_ABOUT_RETURN_TYPE = YES;
				GCC_WARN_UNUSED_VARIABLE = YES;
				OBJROOT = obj/Debug/MicroDBLib;
				ONLY_ACTIVE_ARCH = YES;
			};
			name = Debug;
		};
		48DA68FB62277A1A45916FFC /* Release */ = {
			isa = XCBuildConfiguration;
			buildSettings = {
				ALWAYS_SEARCH_USER_PATHS = NO;
				DEBUG_INFORMATION_FORMAT = "dwarf-with-dsym";
				EXECUTABLE_PREFIX = lib;
				GCC_DYNAMIC_NO_PIC = NO;
				GCC_MODEL_TUNING = G5;
				INSTALL_PATH = /usr/local/lib;
				PRODUCT_NAME = MicroDBLib;
			};
			name = Release;
		};
		4BC703A74BDC7E131AC66A9C /* Debug */ = {
			isa = XCBuildConfiguration;
			buildSettings = {
				ALWAYS_SEARCH_USER_PATHS = NO;
				EXECUTABLE_PREFIX = lib;
				GCC_DYNAMIC_NO_PIC = NO;
				GCC_MODEL_TUNING = G5;
				INSTALL_PATH = /usr/local/lib;
				PRODUCT_NAME = MicroDBLib;
			};
			name = Debug;
		};
/* End XCBuildConfiguration section */

/* Begin XCConfigurationList section */
		150118DC4B0217CB36DB207B /* Build configuration list for PBXNativeTarget "MicroDBLib" */ = {
			isa = XCConfigurationList;
			buildConfigurations = (
				4BC703A74BDC7E131AC66A9C /* Debug */,
				48DA68FB62277A1A45916FFC /* Release */,
			);
			defaultConfigurationIsVisible = 0;
			defaultConfigurationName = Debug;
		};
		1DEB928908733DD80010E9CD /* Build configuration list for PBXProject "MicroDBLib" */ = {
			isa = XCConfigurationList;
			buildConfigurations = (
				3FDC3351485D732D33430941 /* Debug */,
				38B65D77359A3E372B8D463B /* Release */,
			);
			defaultConfigurationIsVisible = 0;
			defaultConfigurationName = Debug;
		};
/* End XCConfigurationList section */
	};
	rootObject = 08FB7793FE84155DC02AAC07 /* Project object */;
}
